// !$*UTF8*$!
{
	archiveVersion = 1;
	classes = {
	};
	objectVersion = 48;
	objects = {

/* Begin PBXBuildFile section */
		00A53110D3B223C664560F7F /* Pods_RxSwiftTests.framework in Frameworks */ = {isa = PBXBuildFile; fileRef = AE224EE56E3FB920F9023199 /* Pods_RxSwiftTests.framework */; };
		1566040F2043CFD00029E3DE /* AppDelegate.swift in Sources */ = {isa = PBXBuildFile; fileRef = 1566040E2043CFD00029E3DE /* AppDelegate.swift */; };
		156604112043CFD00029E3DE /* ViewController.swift in Sources */ = {isa = PBXBuildFile; fileRef = 156604102043CFD00029E3DE /* ViewController.swift */; };
		156604142043CFD00029E3DE /* Main.storyboard in Resources */ = {isa = PBXBuildFile; fileRef = 156604122043CFD00029E3DE /* Main.storyboard */; };
		156604162043CFD00029E3DE /* Assets.xcassets in Resources */ = {isa = PBXBuildFile; fileRef = 156604152043CFD00029E3DE /* Assets.xcassets */; };
		156604192043CFD00029E3DE /* LaunchScreen.storyboard in Resources */ = {isa = PBXBuildFile; fileRef = 156604172043CFD00029E3DE /* LaunchScreen.storyboard */; };
		156604242043CFD00029E3DE /* RxSwiftTests.swift in Sources */ = {isa = PBXBuildFile; fileRef = 156604232043CFD00029E3DE /* RxSwiftTests.swift */; };
		1566042F2043CFD00029E3DE /* RxSwiftUITests.swift in Sources */ = {isa = PBXBuildFile; fileRef = 1566042E2043CFD00029E3DE /* RxSwiftUITests.swift */; };
		25CDA92F84E98CB0DF0A031E /* Pods_RxSwiftUITests.framework in Frameworks */ = {isa = PBXBuildFile; fileRef = B55CB7FA94894E9C5FAEB2F8 /* Pods_RxSwiftUITests.framework */; };
		267594E0C220CAE35AE5BB02 /* Pods_RxSwift.framework in Frameworks */ = {isa = PBXBuildFile; fileRef = AC6F35D1AC6BF50D3CDBBF63 /* Pods_RxSwift.framework */; };
/* End PBXBuildFile section */

/* Begin PBXContainerItemProxy section */
		156604202043CFD00029E3DE /* PBXContainerItemProxy */ = {
			isa = PBXContainerItemProxy;
			containerPortal = 156604032043CFD00029E3DE /* Project object */;
			proxyType = 1;
			remoteGlobalIDString = 1566040A2043CFD00029E3DE;
			remoteInfo = RxSwift;
		};
		1566042B2043CFD00029E3DE /* PBXContainerItemProxy */ = {
			isa = PBXContainerItemProxy;
			containerPortal = 156604032043CFD00029E3DE /* Project object */;
			proxyType = 1;
			remoteGlobalIDString = 1566040A2043CFD00029E3DE;
			remoteInfo = RxSwift;
		};
/* End PBXContainerItemProxy section */

/* Begin PBXFileReference section */
		0E775175E92FD5C8CAFBF8FD /* Pods-RxSwiftTests.debug.xcconfig */ = {isa = PBXFileReference; includeInIndex = 1; lastKnownFileType = text.xcconfig; name = "Pods-RxSwiftTests.debug.xcconfig"; path = "Pods/Target Support Files/Pods-RxSwiftTests/Pods-RxSwiftTests.debug.xcconfig"; sourceTree = "<group>"; };
		1566040B2043CFD00029E3DE /* RxSwift.app */ = {isa = PBXFileReference; explicitFileType = wrapper.application; includeInIndex = 0; path = RxSwift.app; sourceTree = BUILT_PRODUCTS_DIR; };
		1566040E2043CFD00029E3DE /* AppDelegate.swift */ = {isa = PBXFileReference; lastKnownFileType = sourcecode.swift; path = AppDelegate.swift; sourceTree = "<group>"; };
		156604102043CFD00029E3DE /* ViewController.swift */ = {isa = PBXFileReference; lastKnownFileType = sourcecode.swift; path = ViewController.swift; sourceTree = "<group>"; };
		156604132043CFD00029E3DE /* Base */ = {isa = PBXFileReference; lastKnownFileType = file.storyboard; name = Base; path = Base.lproj/Main.storyboard; sourceTree = "<group>"; };
		156604152043CFD00029E3DE /* Assets.xcassets */ = {isa = PBXFileReference; lastKnownFileType = folder.assetcatalog; path = Assets.xcassets; sourceTree = "<group>"; };
		156604182043CFD00029E3DE /* Base */ = {isa = PBXFileReference; lastKnownFileType = file.storyboard; name = Base; path = Base.lproj/LaunchScreen.storyboard; sourceTree = "<group>"; };
		1566041A2043CFD00029E3DE /* Info.plist */ = {isa = PBXFileReference; lastKnownFileType = text.plist.xml; path = Info.plist; sourceTree = "<group>"; };
		1566041F2043CFD00029E3DE /* RxSwiftTests.xctest */ = {isa = PBXFileReference; explicitFileType = wrapper.cfbundle; includeInIndex = 0; path = RxSwiftTests.xctest; sourceTree = BUILT_PRODUCTS_DIR; };
		156604232043CFD00029E3DE /* RxSwiftTests.swift */ = {isa = PBXFileReference; lastKnownFileType = sourcecode.swift; path = RxSwiftTests.swift; sourceTree = "<group>"; };
		156604252043CFD00029E3DE /* Info.plist */ = {isa = PBXFileReference; lastKnownFileType = text.plist.xml; path = Info.plist; sourceTree = "<group>"; };
		1566042A2043CFD00029E3DE /* RxSwiftUITests.xctest */ = {isa = PBXFileReference; explicitFileType = wrapper.cfbundle; includeInIndex = 0; path = RxSwiftUITests.xctest; sourceTree = BUILT_PRODUCTS_DIR; };
		1566042E2043CFD00029E3DE /* RxSwiftUITests.swift */ = {isa = PBXFileReference; lastKnownFileType = sourcecode.swift; path = RxSwiftUITests.swift; sourceTree = "<group>"; };
		156604302043CFD00029E3DE /* Info.plist */ = {isa = PBXFileReference; lastKnownFileType = text.plist.xml; path = Info.plist; sourceTree = "<group>"; };
		86F2B1A69AF7C1FF78D44F54 /* Pods-RxSwiftTests.release.xcconfig */ = {isa = PBXFileReference; includeInIndex = 1; lastKnownFileType = text.xcconfig; name = "Pods-RxSwiftTests.release.xcconfig"; path = "Pods/Target Support Files/Pods-RxSwiftTests/Pods-RxSwiftTests.release.xcconfig"; sourceTree = "<group>"; };
		97EC76CDF644E997F8DC1E46 /* Pods-RxSwiftUITests.release.xcconfig */ = {isa = PBXFileReference; includeInIndex = 1; lastKnownFileType = text.xcconfig; name = "Pods-RxSwiftUITests.release.xcconfig"; path = "Pods/Target Support Files/Pods-RxSwiftUITests/Pods-RxSwiftUITests.release.xcconfig"; sourceTree = "<group>"; };
		AC6F35D1AC6BF50D3CDBBF63 /* Pods_RxSwift.framework */ = {isa = PBXFileReference; explicitFileType = wrapper.framework; includeInIndex = 0; path = Pods_RxSwift.framework; sourceTree = BUILT_PRODUCTS_DIR; };
		AE224EE56E3FB920F9023199 /* Pods_RxSwiftTests.framework */ = {isa = PBXFileReference; explicitFileType = wrapper.framework; includeInIndex = 0; path = Pods_RxSwiftTests.framework; sourceTree = BUILT_PRODUCTS_DIR; };
		B55CB7FA94894E9C5FAEB2F8 /* Pods_RxSwiftUITests.framework */ = {isa = PBXFileReference; explicitFileType = wrapper.framework; includeInIndex = 0; path = Pods_RxSwiftUITests.framework; sourceTree = BUILT_PRODUCTS_DIR; };
		DF664E141758EF6D20AAF601 /* Pods-RxSwiftUITests.debug.xcconfig */ = {isa = PBXFileReference; includeInIndex = 1; lastKnownFileType = text.xcconfig; name = "Pods-RxSwiftUITests.debug.xcconfig"; path = "Pods/Target Support Files/Pods-RxSwiftUITests/Pods-RxSwiftUITests.debug.xcconfig"; sourceTree = "<group>"; };
		E911EF1B07909FF54A911B73 /* Pods-RxSwift.debug.xcconfig */ = {isa = PBXFileReference; includeInIndex = 1; lastKnownFileType = text.xcconfig; name = "Pods-RxSwift.debug.xcconfig"; path = "Pods/Target Support Files/Pods-RxSwift/Pods-RxSwift.debug.xcconfig"; sourceTree = "<group>"; };
		FF2391DD408E0E2586ABF4A1 /* Pods-RxSwift.release.xcconfig */ = {isa = PBXFileReference; includeInIndex = 1; lastKnownFileType = text.xcconfig; name = "Pods-RxSwift.release.xcconfig"; path = "Pods/Target Support Files/Pods-RxSwift/Pods-RxSwift.release.xcconfig"; sourceTree = "<group>"; };
/* End PBXFileReference section */

/* Begin PBXFrameworksBuildPhase section */
		156604082043CFD00029E3DE /* Frameworks */ = {
			isa = PBXFrameworksBuildPhase;
			buildActionMask = 2147483647;
			files = (
				267594E0C220CAE35AE5BB02 /* Pods_RxSwift.framework in Frameworks */,
			);
			runOnlyForDeploymentPostprocessing = 0;
		};
		1566041C2043CFD00029E3DE /* Frameworks */ = {
			isa = PBXFrameworksBuildPhase;
			buildActionMask = 2147483647;
			files = (
				00A53110D3B223C664560F7F /* Pods_RxSwiftTests.framework in Frameworks */,
			);
			runOnlyForDeploymentPostprocessing = 0;
		};
		156604272043CFD00029E3DE /* Frameworks */ = {
			isa = PBXFrameworksBuildPhase;
			buildActionMask = 2147483647;
			files = (
				25CDA92F84E98CB0DF0A031E /* Pods_RxSwiftUITests.framework in Frameworks */,
			);
			runOnlyForDeploymentPostprocessing = 0;
		};
/* End PBXFrameworksBuildPhase section */

/* Begin PBXGroup section */
		0EB4343A544B10C4075F72A1 /* Frameworks */ = {
			isa = PBXGroup;
			children = (
				AC6F35D1AC6BF50D3CDBBF63 /* Pods_RxSwift.framework */,
				AE224EE56E3FB920F9023199 /* Pods_RxSwiftTests.framework */,
				B55CB7FA94894E9C5FAEB2F8 /* Pods_RxSwiftUITests.framework */,
			);
			name = Frameworks;
			sourceTree = "<group>";
		};
		156604022043CFD00029E3DE = {
			isa = PBXGroup;
			children = (
				1566040D2043CFD00029E3DE /* RxSwift */,
				156604222043CFD00029E3DE /* RxSwiftTests */,
				1566042D2043CFD00029E3DE /* RxSwiftUITests */,
				1566040C2043CFD00029E3DE /* Products */,
				902BDE9308129B3A7C0170A6 /* Pods */,
				0EB4343A544B10C4075F72A1 /* Frameworks */,
			);
			sourceTree = "<group>";
		};
		1566040C2043CFD00029E3DE /* Products */ = {
			isa = PBXGroup;
			children = (
				1566040B2043CFD00029E3DE /* RxSwift.app */,
				1566041F2043CFD00029E3DE /* RxSwiftTests.xctest */,
				1566042A2043CFD00029E3DE /* RxSwiftUITests.xctest */,
			);
			name = Products;
			sourceTree = "<group>";
		};
		1566040D2043CFD00029E3DE /* RxSwift */ = {
			isa = PBXGroup;
			children = (
				1566040E2043CFD00029E3DE /* AppDelegate.swift */,
				156604102043CFD00029E3DE /* ViewController.swift */,
				156604122043CFD00029E3DE /* Main.storyboard */,
				156604152043CFD00029E3DE /* Assets.xcassets */,
				156604172043CFD00029E3DE /* LaunchScreen.storyboard */,
				1566041A2043CFD00029E3DE /* Info.plist */,
			);
			path = RxSwift;
			sourceTree = "<group>";
		};
		156604222043CFD00029E3DE /* RxSwiftTests */ = {
			isa = PBXGroup;
			children = (
				156604232043CFD00029E3DE /* RxSwiftTests.swift */,
				156604252043CFD00029E3DE /* Info.plist */,
			);
			path = RxSwiftTests;
			sourceTree = "<group>";
		};
		1566042D2043CFD00029E3DE /* RxSwiftUITests */ = {
			isa = PBXGroup;
			children = (
				1566042E2043CFD00029E3DE /* RxSwiftUITests.swift */,
				156604302043CFD00029E3DE /* Info.plist */,
			);
			path = RxSwiftUITests;
			sourceTree = "<group>";
		};
		902BDE9308129B3A7C0170A6 /* Pods */ = {
			isa = PBXGroup;
			children = (
				E911EF1B07909FF54A911B73 /* Pods-RxSwift.debug.xcconfig */,
				FF2391DD408E0E2586ABF4A1 /* Pods-RxSwift.release.xcconfig */,
				0E775175E92FD5C8CAFBF8FD /* Pods-RxSwiftTests.debug.xcconfig */,
				86F2B1A69AF7C1FF78D44F54 /* Pods-RxSwiftTests.release.xcconfig */,
				DF664E141758EF6D20AAF601 /* Pods-RxSwiftUITests.debug.xcconfig */,
				97EC76CDF644E997F8DC1E46 /* Pods-RxSwiftUITests.release.xcconfig */,
			);
			name = Pods;
			sourceTree = "<group>";
		};
/* End PBXGroup section */

/* Begin PBXNativeTarget section */
		1566040A2043CFD00029E3DE /* RxSwift */ = {
			isa = PBXNativeTarget;
			buildConfigurationList = 156604332043CFD00029E3DE /* Build configuration list for PBXNativeTarget "RxSwift" */;
			buildPhases = (
				FB6A753AB2F7FDCE3AD02899 /* [CP] Check Pods Manifest.lock */,
				156604072043CFD00029E3DE /* Sources */,
				156604082043CFD00029E3DE /* Frameworks */,
				156604092043CFD00029E3DE /* Resources */,
				5DB3272508272340985FF5A4 /* [CP] Embed Pods Frameworks */,
				412A6309212CBA9619056D3C /* [CP] Copy Pods Resources */,
			);
			buildRules = (
			);
			dependencies = (
			);
			name = RxSwift;
			productName = RxSwift;
			productReference = 1566040B2043CFD00029E3DE /* RxSwift.app */;
			productType = "com.apple.product-type.application";
		};
		1566041E2043CFD00029E3DE /* RxSwiftTests */ = {
			isa = PBXNativeTarget;
			buildConfigurationList = 156604362043CFD00029E3DE /* Build configuration list for PBXNativeTarget "RxSwiftTests" */;
			buildPhases = (
				9F6DFB557C9653644C3E5687 /* [CP] Check Pods Manifest.lock */,
				1566041B2043CFD00029E3DE /* Sources */,
				1566041C2043CFD00029E3DE /* Frameworks */,
				1566041D2043CFD00029E3DE /* Resources */,
				50A913437599F7DFB978CD87 /* [CP] Embed Pods Frameworks */,
				06723512D7903F5031C55639 /* [CP] Copy Pods Resources */,
			);
			buildRules = (
			);
			dependencies = (
				156604212043CFD00029E3DE /* PBXTargetDependency */,
			);
			name = RxSwiftTests;
			productName = RxSwiftTests;
			productReference = 1566041F2043CFD00029E3DE /* RxSwiftTests.xctest */;
			productType = "com.apple.product-type.bundle.unit-test";
		};
		156604292043CFD00029E3DE /* RxSwiftUITests */ = {
			isa = PBXNativeTarget;
			buildConfigurationList = 156604392043CFD00029E3DE /* Build configuration list for PBXNativeTarget "RxSwiftUITests" */;
			buildPhases = (
				EF4B7F3AD8D1BFE87E4C64AB /* [CP] Check Pods Manifest.lock */,
				156604262043CFD00029E3DE /* Sources */,
				156604272043CFD00029E3DE /* Frameworks */,
				156604282043CFD00029E3DE /* Resources */,
				B73A65097B4ED6EC2FB4B363 /* [CP] Embed Pods Frameworks */,
				3E4C811AF8398D870CFB25DE /* [CP] Copy Pods Resources */,
			);
			buildRules = (
			);
			dependencies = (
				1566042C2043CFD00029E3DE /* PBXTargetDependency */,
			);
			name = RxSwiftUITests;
			productName = RxSwiftUITests;
			productReference = 1566042A2043CFD00029E3DE /* RxSwiftUITests.xctest */;
			productType = "com.apple.product-type.bundle.ui-testing";
		};
/* End PBXNativeTarget section */

/* Begin PBXProject section */
		156604032043CFD00029E3DE /* Project object */ = {
			isa = PBXProject;
			attributes = {
				LastSwiftUpdateCheck = 0920;
				LastUpgradeCheck = 0920;
				ORGANIZATIONNAME = "Mroom Software";
				TargetAttributes = {
					1566040A2043CFD00029E3DE = {
						CreatedOnToolsVersion = 9.2;
						ProvisioningStyle = Automatic;
					};
					1566041E2043CFD00029E3DE = {
						CreatedOnToolsVersion = 9.2;
						ProvisioningStyle = Automatic;
						TestTargetID = 1566040A2043CFD00029E3DE;
					};
					156604292043CFD00029E3DE = {
						CreatedOnToolsVersion = 9.2;
						ProvisioningStyle = Automatic;
						TestTargetID = 1566040A2043CFD00029E3DE;
					};
				};
			};
			buildConfigurationList = 156604062043CFD00029E3DE /* Build configuration list for PBXProject "RxSwift" */;
			compatibilityVersion = "Xcode 8.0";
			developmentRegion = en;
			hasScannedForEncodings = 0;
			knownRegions = (
				en,
				Base,
			);
			mainGroup = 156604022043CFD00029E3DE;
			productRefGroup = 1566040C2043CFD00029E3DE /* Products */;
			projectDirPath = "";
			projectRoot = "";
			targets = (
				1566040A2043CFD00029E3DE /* RxSwift */,
				1566041E2043CFD00029E3DE /* RxSwiftTests */,
				156604292043CFD00029E3DE /* RxSwiftUITests */,
			);
		};
/* End PBXProject section */

/* Begin PBXResourcesBuildPhase section */
		156604092043CFD00029E3DE /* Resources */ = {
			isa = PBXResourcesBuildPhase;
			buildActionMask = 2147483647;
			files = (
				156604192043CFD00029E3DE /* LaunchScreen.storyboard in Resources */,
				156604162043CFD00029E3DE /* Assets.xcassets in Resources */,
				156604142043CFD00029E3DE /* Main.storyboard in Resources */,
			);
			runOnlyForDeploymentPostprocessing = 0;
		};
		1566041D2043CFD00029E3DE /* Resources */ = {
			isa = PBXResourcesBuildPhase;
			buildActionMask = 2147483647;
			files = (
			);
			runOnlyForDeploymentPostprocessing = 0;
		};
		156604282043CFD00029E3DE /* Resources */ = {
			isa = PBXResourcesBuildPhase;
			buildActionMask = 2147483647;
			files = (
			);
			runOnlyForDeploymentPostprocessing = 0;
		};
/* End PBXResourcesBuildPhase section */

/* Begin PBXShellScriptBuildPhase section */
		06723512D7903F5031C55639 /* [CP] Copy Pods Resources */ = {
			isa = PBXShellScriptBuildPhase;
			buildActionMask = 2147483647;
			files = (
			);
			inputPaths = (
			);
			name = "[CP] Copy Pods Resources";
			outputPaths = (
			);
			runOnlyForDeploymentPostprocessing = 0;
			shellPath = /bin/sh;
			shellScript = "\"${SRCROOT}/Pods/Target Support Files/Pods-RxSwiftTests/Pods-RxSwiftTests-resources.sh\"\n";
			showEnvVarsInLog = 0;
		};
		3E4C811AF8398D870CFB25DE /* [CP] Copy Pods Resources */ = {
			isa = PBXShellScriptBuildPhase;
			buildActionMask = 2147483647;
			files = (
			);
			inputPaths = (
			);
			name = "[CP] Copy Pods Resources";
			outputPaths = (
			);
			runOnlyForDeploymentPostprocessing = 0;
			shellPath = /bin/sh;
			shellScript = "\"${SRCROOT}/Pods/Target Support Files/Pods-RxSwiftUITests/Pods-RxSwiftUITests-resources.sh\"\n";
			showEnvVarsInLog = 0;
		};
		412A6309212CBA9619056D3C /* [CP] Copy Pods Resources */ = {
			isa = PBXShellScriptBuildPhase;
			buildActionMask = 2147483647;
			files = (
			);
			inputPaths = (
			);
			name = "[CP] Copy Pods Resources";
			outputPaths = (
			);
			runOnlyForDeploymentPostprocessing = 0;
			shellPath = /bin/sh;
			shellScript = "\"${SRCROOT}/Pods/Target Support Files/Pods-RxSwift/Pods-RxSwift-resources.sh\"\n";
			showEnvVarsInLog = 0;
		};
		50A913437599F7DFB978CD87 /* [CP] Embed Pods Frameworks */ = {
			isa = PBXShellScriptBuildPhase;
			buildActionMask = 2147483647;
			files = (
			);
			inputPaths = (
			);
			name = "[CP] Embed Pods Frameworks";
			outputPaths = (
			);
			runOnlyForDeploymentPostprocessing = 0;
			shellPath = /bin/sh;
			shellScript = "\"${SRCROOT}/Pods/Target Support Files/Pods-RxSwiftTests/Pods-RxSwiftTests-frameworks.sh\"\n";
			showEnvVarsInLog = 0;
		};
		5DB3272508272340985FF5A4 /* [CP] Embed Pods Frameworks */ = {
			isa = PBXShellScriptBuildPhase;
			buildActionMask = 2147483647;
			files = (
			);
			inputPaths = (
				"${SRCROOT}/Pods/Target Support Files/Pods-RxSwift/Pods-RxSwift-frameworks.sh",
				"${BUILT_PRODUCTS_DIR}/RxCocoa/RxCocoa.framework",
				"${BUILT_PRODUCTS_DIR}/RxSwift/RxSwift.framework",
			);
			name = "[CP] Embed Pods Frameworks";
			outputPaths = (
				"${TARGET_BUILD_DIR}/${FRAMEWORKS_FOLDER_PATH}/RxCocoa.framework",
				"${TARGET_BUILD_DIR}/${FRAMEWORKS_FOLDER_PATH}/RxSwift.framework",
			);
			runOnlyForDeploymentPostprocessing = 0;
			shellPath = /bin/sh;
			shellScript = "\"${SRCROOT}/Pods/Target Support Files/Pods-RxSwift/Pods-RxSwift-frameworks.sh\"\n";
			showEnvVarsInLog = 0;
		};
		9F6DFB557C9653644C3E5687 /* [CP] Check Pods Manifest.lock */ = {
			isa = PBXShellScriptBuildPhase;
			buildActionMask = 2147483647;
			files = (
			);
			inputPaths = (
				"${PODS_PODFILE_DIR_PATH}/Podfile.lock",
				"${PODS_ROOT}/Manifest.lock",
			);
			name = "[CP] Check Pods Manifest.lock";
			outputPaths = (
				"$(DERIVED_FILE_DIR)/Pods-RxSwiftTests-checkManifestLockResult.txt",
			);
			runOnlyForDeploymentPostprocessing = 0;
			shellPath = /bin/sh;
			shellScript = "diff \"${PODS_PODFILE_DIR_PATH}/Podfile.lock\" \"${PODS_ROOT}/Manifest.lock\" > /dev/null\nif [ $? != 0 ] ; then\n    # print error to STDERR\n    echo \"error: The sandbox is not in sync with the Podfile.lock. Run 'pod install' or update your CocoaPods installation.\" >&2\n    exit 1\nfi\n# This output is used by Xcode 'outputs' to avoid re-running this script phase.\necho \"SUCCESS\" > \"${SCRIPT_OUTPUT_FILE_0}\"\n";
			showEnvVarsInLog = 0;
		};
		B73A65097B4ED6EC2FB4B363 /* [CP] Embed Pods Frameworks */ = {
			isa = PBXShellScriptBuildPhase;
			buildActionMask = 2147483647;
			files = (
			);
			inputPaths = (
			);
			name = "[CP] Embed Pods Frameworks";
			outputPaths = (
			);
			runOnlyForDeploymentPostprocessing = 0;
			shellPath = /bin/sh;
			shellScript = "\"${SRCROOT}/Pods/Target Support Files/Pods-RxSwiftUITests/Pods-RxSwiftUITests-frameworks.sh\"\n";
			showEnvVarsInLog = 0;
		};
		EF4B7F3AD8D1BFE87E4C64AB /* [CP] Check Pods Manifest.lock */ = {
			isa = PBXShellScriptBuildPhase;
			buildActionMask = 2147483647;
			files = (
			);
			inputPaths = (
				"${PODS_PODFILE_DIR_PATH}/Podfile.lock",
				"${PODS_ROOT}/Manifest.lock",
			);
			name = "[CP] Check Pods Manifest.lock";
			outputPaths = (
				"$(DERIVED_FILE_DIR)/Pods-RxSwiftUITests-checkManifestLockResult.txt",
			);
			runOnlyForDeploymentPostprocessing = 0;
			shellPath = /bin/sh;
			shellScript = "diff \"${PODS_PODFILE_DIR_PATH}/Podfile.lock\" \"${PODS_ROOT}/Manifest.lock\" > /dev/null\nif [ $? != 0 ] ; then\n    # print error to STDERR\n    echo \"error: The sandbox is not in sync with the Podfile.lock. Run 'pod install' or update your CocoaPods installation.\" >&2\n    exit 1\nfi\n# This output is used by Xcode 'outputs' to avoid re-running this script phase.\necho \"SUCCESS\" > \"${SCRIPT_OUTPUT_FILE_0}\"\n";
			showEnvVarsInLog = 0;
		};
		FB6A753AB2F7FDCE3AD02899 /* [CP] Check Pods Manifest.lock */ = {
			isa = PBXShellScriptBuildPhase;
			buildActionMask = 2147483647;
			files = (
			);
			inputPaths = (
				"${PODS_PODFILE_DIR_PATH}/Podfile.lock",
				"${PODS_ROOT}/Manifest.lock",
			);
			name = "[CP] Check Pods Manifest.lock";
			outputPaths = (
				"$(DERIVED_FILE_DIR)/Pods-RxSwift-checkManifestLockResult.txt",
			);
			runOnlyForDeploymentPostprocessing = 0;
			shellPath = /bin/sh;
			shellScript = "diff \"${PODS_PODFILE_DIR_PATH}/Podfile.lock\" \"${PODS_ROOT}/Manifest.lock\" > /dev/null\nif [ $? != 0 ] ; then\n    # print error to STDERR\n    echo \"error: The sandbox is not in sync with the Podfile.lock. Run 'pod install' or update your CocoaPods installation.\" >&2\n    exit 1\nfi\n# This output is used by Xcode 'outputs' to avoid re-running this script phase.\necho \"SUCCESS\" > \"${SCRIPT_OUTPUT_FILE_0}\"\n";
			showEnvVarsInLog = 0;
		};
/* End PBXShellScriptBuildPhase section */

/* Begin PBXSourcesBuildPhase section */
		156604072043CFD00029E3DE /* Sources */ = {
			isa = PBXSourcesBuildPhase;
			buildActionMask = 2147483647;
			files = (
				156604112043CFD00029E3DE /* ViewController.swift in Sources */,
				1566040F2043CFD00029E3DE /* AppDelegate.swift in Sources */,
			);
			runOnlyForDeploymentPostprocessing = 0;
		};
		1566041B2043CFD00029E3DE /* Sources */ = {
			isa = PBXSourcesBuildPhase;
			buildActionMask = 2147483647;
			files = (
				156604242043CFD00029E3DE /* RxSwiftTests.swift in Sources */,
			);
			runOnlyForDeploymentPostprocessing = 0;
		};
		156604262043CFD00029E3DE /* Sources */ = {
			isa = PBXSourcesBuildPhase;
			buildActionMask = 2147483647;
			files = (
				1566042F2043CFD00029E3DE /* RxSwiftUITests.swift in Sources */,
			);
			runOnlyForDeploymentPostprocessing = 0;
		};
/* End PBXSourcesBuildPhase section */

/* Begin PBXTargetDependency section */
		156604212043CFD00029E3DE /* PBXTargetDependency */ = {
			isa = PBXTargetDependency;
			target = 1566040A2043CFD00029E3DE /* RxSwift */;
			targetProxy = 156604202043CFD00029E3DE /* PBXContainerItemProxy */;
		};
		1566042C2043CFD00029E3DE /* PBXTargetDependency */ = {
			isa = PBXTargetDependency;
			target = 1566040A2043CFD00029E3DE /* RxSwift */;
			targetProxy = 1566042B2043CFD00029E3DE /* PBXContainerItemProxy */;
		};
/* End PBXTargetDependency section */

/* Begin PBXVariantGroup section */
		156604122043CFD00029E3DE /* Main.storyboard */ = {
			isa = PBXVariantGroup;
			children = (
				156604132043CFD00029E3DE /* Base */,
			);
			name = Main.storyboard;
			sourceTree = "<group>";
		};
		156604172043CFD00029E3DE /* LaunchScreen.storyboard */ = {
			isa = PBXVariantGroup;
			children = (
				156604182043CFD00029E3DE /* Base */,
			);
			name = LaunchScreen.storyboard;
			sourceTree = "<group>";
		};
/* End PBXVariantGroup section */

/* Begin XCBuildConfiguration section */
		156604312043CFD00029E3DE /* Debug */ = {
			isa = XCBuildConfiguration;
			buildSettings = {
				ALWAYS_SEARCH_USER_PATHS = NO;
				CLANG_ANALYZER_NONNULL = YES;
				CLANG_ANALYZER_NUMBER_OBJECT_CONVERSION = YES_AGGRESSIVE;
				CLANG_CXX_LANGUAGE_STANDARD = "gnu++14";
				CLANG_CXX_LIBRARY = "libc++";
				CLANG_ENABLE_MODULES = YES;
				CLANG_ENABLE_OBJC_ARC = YES;
				CLANG_WARN_BLOCK_CAPTURE_AUTORELEASING = YES;
				CLANG_WARN_BOOL_CONVERSION = YES;
				CLANG_WARN_COMMA = YES;
				CLANG_WARN_CONSTANT_CONVERSION = YES;
				CLANG_WARN_DIRECT_OBJC_ISA_USAGE = YES_ERROR;
				CLANG_WARN_DOCUMENTATION_COMMENTS = YES;
				CLANG_WARN_EMPTY_BODY = YES;
				CLANG_WARN_ENUM_CONVERSION = YES;
				CLANG_WARN_INFINITE_RECURSION = YES;
				CLANG_WARN_INT_CONVERSION = YES;
				CLANG_WARN_NON_LITERAL_NULL_CONVERSION = YES;
				CLANG_WARN_OBJC_LITERAL_CONVERSION = YES;
				CLANG_WARN_OBJC_ROOT_CLASS = YES_ERROR;
				CLANG_WARN_RANGE_LOOP_ANALYSIS = YES;
				CLANG_WARN_STRICT_PROTOTYPES = YES;
				CLANG_WARN_SUSPICIOUS_MOVE = YES;
				CLANG_WARN_UNGUARDED_AVAILABILITY = YES_AGGRESSIVE;
				CLANG_WARN_UNREACHABLE_CODE = YES;
				CLANG_WARN__DUPLICATE_METHOD_MATCH = YES;
				CODE_SIGN_IDENTITY = "iPhone Developer";
				COPY_PHASE_STRIP = NO;
				DEBUG_INFORMATION_FORMAT = dwarf;
				ENABLE_STRICT_OBJC_MSGSEND = YES;
				ENABLE_TESTABILITY = YES;
				GCC_C_LANGUAGE_STANDARD = gnu11;
				GCC_DYNAMIC_NO_PIC = NO;
				GCC_NO_COMMON_BLOCKS = YES;
				GCC_OPTIMIZATION_LEVEL = 0;
				GCC_PREPROCESSOR_DEFINITIONS = (
					"DEBUG=1",
					"$(inherited)",
				);
				GCC_WARN_64_TO_32_BIT_CONVERSION = YES;
				GCC_WARN_ABOUT_RETURN_TYPE = YES_ERROR;
				GCC_WARN_UNDECLARED_SELECTOR = YES;
				GCC_WARN_UNINITIALIZED_AUTOS = YES_AGGRESSIVE;
				GCC_WARN_UNUSED_FUNCTION = YES;
				GCC_WARN_UNUSED_VARIABLE = YES;
				IPHONEOS_DEPLOYMENT_TARGET = 11.2;
				MTL_ENABLE_DEBUG_INFO = YES;
				ONLY_ACTIVE_ARCH = YES;
				SDKROOT = iphoneos;
				SWIFT_ACTIVE_COMPILATION_CONDITIONS = DEBUG;
				SWIFT_OPTIMIZATION_LEVEL = "-Onone";
			};
			name = Debug;
		};
		156604322043CFD00029E3DE /* Release */ = {
			isa = XCBuildConfiguration;
			buildSettings = {
				ALWAYS_SEARCH_USER_PATHS = NO;
				CLANG_ANALYZER_NONNULL = YES;
				CLANG_ANALYZER_NUMBER_OBJECT_CONVERSION = YES_AGGRESSIVE;
				CLANG_CXX_LANGUAGE_STANDARD = "gnu++14";
				CLANG_CXX_LIBRARY = "libc++";
				CLANG_ENABLE_MODULES = YES;
				CLANG_ENABLE_OBJC_ARC = YES;
				CLANG_WARN_BLOCK_CAPTURE_AUTORELEASING = YES;
				CLANG_WARN_BOOL_CONVERSION = YES;
				CLANG_WARN_COMMA = YES;
				CLANG_WARN_CONSTANT_CONVERSION = YES;
				CLANG_WARN_DIRECT_OBJC_ISA_USAGE = YES_ERROR;
				CLANG_WARN_DOCUMENTATION_COMMENTS = YES;
				CLANG_WARN_EMPTY_BODY = YES;
				CLANG_WARN_ENUM_CONVERSION = YES;
				CLANG_WARN_INFINITE_RECURSION = YES;
				CLANG_WARN_INT_CONVERSION = YES;
				CLANG_WARN_NON_LITERAL_NULL_CONVERSION = YES;
				CLANG_WARN_OBJC_LITERAL_CONVERSION = YES;
				CLANG_WARN_OBJC_ROOT_CLASS = YES_ERROR;
				CLANG_WARN_RANGE_LOOP_ANALYSIS = YES;
				CLANG_WARN_STRICT_PROTOTYPES = YES;
				CLANG_WARN_SUSPICIOUS_MOVE = YES;
				CLANG_WARN_UNGUARDED_AVAILABILITY = YES_AGGRESSIVE;
				CLANG_WARN_UNREACHABLE_CODE = YES;
				CLANG_WARN__DUPLICATE_METHOD_MATCH = YES;
				CODE_SIGN_IDENTITY = "iPhone Developer";
				COPY_PHASE_STRIP = NO;
				DEBUG_INFORMATION_FORMAT = "dwarf-with-dsym";
				ENABLE_NS_ASSERTIONS = NO;
				ENABLE_STRICT_OBJC_MSGSEND = YES;
				GCC_C_LANGUAGE_STANDARD = gnu11;
				GCC_NO_COMMON_BLOCKS = YES;
				GCC_WARN_64_TO_32_BIT_CONVERSION = YES;
				GCC_WARN_ABOUT_RETURN_TYPE = YES_ERROR;
				GCC_WARN_UNDECLARED_SELECTOR = YES;
				GCC_WARN_UNINITIALIZED_AUTOS = YES_AGGRESSIVE;
				GCC_WARN_UNUSED_FUNCTION = YES;
				GCC_WARN_UNUSED_VARIABLE = YES;
				IPHONEOS_DEPLOYMENT_TARGET = 11.2;
				MTL_ENABLE_DEBUG_INFO = NO;
				SDKROOT = iphoneos;
				SWIFT_OPTIMIZATION_LEVEL = "-Owholemodule";
				VALIDATE_PRODUCT = YES;
			};
			name = Release;
		};
		156604342043CFD00029E3DE /* Debug */ = {
			isa = XCBuildConfiguration;
			baseConfigurationReference = E911EF1B07909FF54A911B73 /* Pods-RxSwift.debug.xcconfig */;
			buildSettings = {
				ASSETCATALOG_COMPILER_APPICON_NAME = AppIcon;
				CODE_SIGN_STYLE = Automatic;
				DEVELOPMENT_TEAM = J9948BJ3RH;
				INFOPLIST_FILE = RxSwift/Info.plist;
				LD_RUNPATH_SEARCH_PATHS = "$(inherited) @executable_path/Frameworks";
				PRODUCT_BUNDLE_IDENTIFIER = com.mroom.RxSwift;
				PRODUCT_NAME = "$(TARGET_NAME)";
				SWIFT_VERSION = 4.0;
				TARGETED_DEVICE_FAMILY = "1,2";
			};
			name = Debug;
		};
		156604352043CFD00029E3DE /* Release */ = {
			isa = XCBuildConfiguration;
			baseConfigurationReference = FF2391DD408E0E2586ABF4A1 /* Pods-RxSwift.release.xcconfig */;
			buildSettings = {
				ASSETCATALOG_COMPILER_APPICON_NAME = AppIcon;
				CODE_SIGN_STYLE = Automatic;
				DEVELOPMENT_TEAM = J9948BJ3RH;
				INFOPLIST_FILE = RxSwift/Info.plist;
				LD_RUNPATH_SEARCH_PATHS = "$(inherited) @executable_path/Frameworks";
				PRODUCT_BUNDLE_IDENTIFIER = com.mroom.RxSwift;
				PRODUCT_NAME = "$(TARGET_NAME)";
				SWIFT_VERSION = 4.0;
				TARGETED_DEVICE_FAMILY = "1,2";
			};
			name = Release;
		};
		156604372043CFD00029E3DE /* Debug */ = {
			isa = XCBuildConfiguration;
			baseConfigurationReference = 0E775175E92FD5C8CAFBF8FD /* Pods-RxSwiftTests.debug.xcconfig */;
			buildSettings = {
				ALWAYS_EMBED_SWIFT_STANDARD_LIBRARIES = YES;
				BUNDLE_LOADER = "$(TEST_HOST)";
				CODE_SIGN_STYLE = Automatic;
				DEVELOPMENT_TEAM = J9948BJ3RH;
				INFOPLIST_FILE = RxSwiftTests/Info.plist;
				LD_RUNPATH_SEARCH_PATHS = "$(inherited) @executable_path/Frameworks @loader_path/Frameworks";
				PRODUCT_BUNDLE_IDENTIFIER = com.mroom.RxSwiftTests;
				PRODUCT_NAME = "$(TARGET_NAME)";
				SWIFT_VERSION = 4.0;
				TARGETED_DEVICE_FAMILY = "1,2";
				TEST_HOST = "$(BUILT_PRODUCTS_DIR)/RxSwift.app/RxSwift";
			};
			name = Debug;
		};
		156604382043CFD00029E3DE /* Release */ = {
			isa = XCBuildConfiguration;
			baseConfigurationReference = 86F2B1A69AF7C1FF78D44F54 /* Pods-RxSwiftTests.release.xcconfig */;
			buildSettings = {
				ALWAYS_EMBED_SWIFT_STANDARD_LIBRARIES = YES;
				BUNDLE_LOADER = "$(TEST_HOST)";
				CODE_SIGN_STYLE = Automatic;
				DEVELOPMENT_TEAM = J9948BJ3RH;
				INFOPLIST_FILE = RxSwiftTests/Info.plist;
				LD_RUNPATH_SEARCH_PATHS = "$(inherited) @executable_path/Frameworks @loader_path/Frameworks";
				PRODUCT_BUNDLE_IDENTIFIER = com.mroom.RxSwiftTests;
				PRODUCT_NAME = "$(TARGET_NAME)";
				SWIFT_VERSION = 4.0;
				TARGETED_DEVICE_FAMILY = "1,2";
				TEST_HOST = "$(BUILT_PRODUCTS_DIR)/RxSwift.app/RxSwift";
			};
			name = Release;
		};
		1566043A2043CFD00029E3DE /* Debug */ = {
			isa = XCBuildConfiguration;
			baseConfigurationReference = DF664E141758EF6D20AAF601 /* Pods-RxSwiftUITests.debug.xcconfig */;
			buildSettings = {
				ALWAYS_EMBED_SWIFT_STANDARD_LIBRARIES = YES;
				CODE_SIGN_STYLE = Automatic;
				DEVELOPMENT_TEAM = J9948BJ3RH;
				INFOPLIST_FILE = RxSwiftUITests/Info.plist;
				LD_RUNPATH_SEARCH_PATHS = "$(inherited) @executable_path/Frameworks @loader_path/Frameworks";
				PRODUCT_BUNDLE_IDENTIFIER = com.mroom.RxSwiftUITests;
				PRODUCT_NAME = "$(TARGET_NAME)";
				SWIFT_VERSION = 4.0;
				TARGETED_DEVICE_FAMILY = "1,2";
				TEST_TARGET_NAME = RxSwift;
			};
			name = Debug;
		};
		1566043B2043CFD00029E3DE /* Release */ = {
			isa = XCBuildConfiguration;
			baseConfigurationReference = 97EC76CDF644E997F8DC1E46 /* Pods-RxSwiftUITests.release.xcconfig */;
			buildSettings = {
				ALWAYS_EMBED_SWIFT_STANDARD_LIBRARIES = YES;
				CODE_SIGN_STYLE = Automatic;
				DEVELOPMENT_TEAM = J9948BJ3RH;
				INFOPLIST_FILE = RxSwiftUITests/Info.plist;
				LD_RUNPATH_SEARCH_PATHS = "$(inherited) @executable_path/Frameworks @loader_path/Frameworks";
				PRODUCT_BUNDLE_IDENTIFIER = com.mroom.RxSwiftUITests;
				PRODUCT_NAME = "$(TARGET_NAME)";
				SWIFT_VERSION = 4.0;
				TARGETED_DEVICE_FAMILY = "1,2";
				TEST_TARGET_NAME = RxSwift;
			};
			name = Release;
		};
/* End XCBuildConfiguration section */

/* Begin XCConfigurationList section */
		156604062043CFD00029E3DE /* Build configuration list for PBXProject "RxSwift" */ = {
			isa = XCConfigurationList;
			buildConfigurations = (
				156604312043CFD00029E3DE /* Debug */,
				156604322043CFD00029E3DE /* Release */,
			);
			defaultConfigurationIsVisible = 0;
			defaultConfigurationName = Release;
		};
		156604332043CFD00029E3DE /* Build configuration list for PBXNativeTarget "RxSwift" */ = {
			isa = XCConfigurationList;
			buildConfigurations = (
				156604342043CFD00029E3DE /* Debug */,
				156604352043CFD00029E3DE /* Release */,
			);
			defaultConfigurationIsVisible = 0;
			defaultConfigurationName = Release;
		};
		156604362043CFD00029E3DE /* Build configuration list for PBXNativeTarget "RxSwiftTests" */ = {
			isa = XCConfigurationList;
			buildConfigurations = (
				156604372043CFD00029E3DE /* Debug */,
				156604382043CFD00029E3DE /* Release */,
			);
			defaultConfigurationIsVisible = 0;
			defaultConfigurationName = Release;
		};
		156604392043CFD00029E3DE /* Build configuration list for PBXNativeTarget "RxSwiftUITests" */ = {
			isa = XCConfigurationList;
			buildConfigurations = (
				1566043A2043CFD00029E3DE /* Debug */,
				1566043B2043CFD00029E3DE /* Release */,
			);
			defaultConfigurationIsVisible = 0;
			defaultConfigurationName = Release;
		};
/* End XCConfigurationList section */
	};
	rootObject = 156604032043CFD00029E3DE /* Project object */;
}
